Microsoft Visual Studio Solution File, Format Version 11.00
# Visual Studio 2010
Project("{FAE04EC0-301F-11D3-BF4B-00C04F79EFBC}") = "Assembly-CSharp", "Assembly-CSharp.csproj", "{784CFC91-4AE3-5791-21E5-541D0B018EDD}"
EndProject
Project("{FAE04EC0-301F-11D3-BF4B-00C04F79EFBC}") = "Assembly-CSharp-firstpass", "Assembly-CSharp-firstpass.csproj", "{05E2E082-BF5F-4A6B-CAA9-5A958FE57E7C}"
EndProject
Project("{FAE04EC0-301F-11D3-BF4B-00C04F79EFBC}") = "Assembly-CSharp-Editor-firstpass", "Assembly-CSharp-Editor-firstpass.csproj", "{AAAE2911-0B3A-44BA-BCCD-4DD686C8B813}"
EndProject
Global
	GlobalSection(SolutionConfigurationPlatforms) = preSolution
		Debug|Any CPU = Debug|Any CPU
		Release|Any CPU = Release|Any CPU
	EndGlobalSection
	GlobalSection(ProjectConfigurationPlatforms) = postSolution
		{784CFC91-4AE3-5791-21E5-541D0B018EDD}.Debug|Any CPU.ActiveCfg = Debug|Any CPU
		{784CFC91-4AE3-5791-21E5-541D0B018EDD}.Debug|Any CPU.Build.0 = Debug|Any CPU
		{784CFC91-4AE3-5791-21E5-541D0B018EDD}.Release|Any CPU.ActiveCfg = Release|Any CPU
		{784CFC91-4AE3-5791-21E5-541D0B018EDD}.Release|Any CPU.Build.0 = Release|Any CPU
		{05E2E082-BF5F-4A6B-CAA9-5A958FE57E7C}.Debug|Any CPU.ActiveCfg = Debug|Any CPU
		{05E2E082-BF5F-4A6B-CAA9-5A958FE57E7C}.Debug|Any CPU.Build.0 = Debug|Any CPU
		{05E2E082-BF5F-4A6B-CAA9-5A958FE57E7C}.Release|Any CPU.ActiveCfg = Release|Any CPU
		{05E2E082-BF5F-4A6B-CAA9-5A958FE57E7C}.Release|Any CPU.Build.0 = Release|Any CPU
		{AAAE2911-0B3A-44BA-BCCD-4DD686C8B813}.Debug|Any CPU.ActiveCfg = Debug|Any CPU
		{AAAE2911-0B3A-44BA-BCCD-4DD686C8B813}.Debug|Any CPU.Build.0 = Debug|Any CPU
		{AAAE2911-0B3A-44BA-BCCD-4DD686C8B813}.Release|Any CPU.ActiveCfg = Release|Any CPU
		{AAAE2911-0B3A-44BA-BCCD-4DD686C8B813}.Release|Any CPU.Build.0 = Release|Any CPU
	EndGlobalSection
	GlobalSection(SolutionProperties) = preSolution
		HideSolutionNode = FALSE
	EndGlobalSection
EndGlobal
